// !$*UTF8*$!
{
   archiveVersion = "1";
   objectVersion = "46";
   objects = {
      OBJ_1 = {
         isa = "PBXProject";
         attributes = {
            LastUpgradeCheck = "9999";
         };
         buildConfigurationList = OBJ_2;
         compatibilityVersion = "Xcode 3.2";
         developmentRegion = "English";
         hasScannedForEncodings = "0";
         knownRegions = (
            "en",
         );
         mainGroup = OBJ_5;
         productRefGroup = OBJ_16;
         projectDirPath = ".";
         targets = (
            OBJ_19,
            OBJ_26,
         );
      };
      OBJ_10 = {
         isa = "PBXGroup";
         children = (
            OBJ_11,
         );
         name = "EmarcamTests";
         path = "Tests/EmarcamTests";
         sourceTree = "SOURCE_ROOT";
      };
      OBJ_11 = {
         isa = "PBXFileReference";
         path = "EmarcamTests.swift";
         sourceTree = "<group>";
      };
      OBJ_12 = {
         isa = "PBXFileReference";
         path = "build";
         sourceTree = "SOURCE_ROOT";
      };
      OBJ_13 = {
         isa = "PBXFileReference";
         path = "docs";
         sourceTree = "SOURCE_ROOT";
      };
      OBJ_14 = {
         isa = "PBXFileReference";
         path = "Emarcam.xcworkspace";
         sourceTree = "SOURCE_ROOT";
      };
      OBJ_15 = {
         isa = "PBXFileReference";
         path = "EmarcamTests";
         sourceTree = "SOURCE_ROOT";
      };
      OBJ_16 = {
         isa = "PBXGroup";
         children = (
            OBJ_17,
            OBJ_18,
         );
         name = "Products";
         path = "";
         sourceTree = "BUILT_PRODUCTS_DIR";
      };
      OBJ_17 = {
         isa = "PBXFileReference";
         path = "Emarcam.framework";
         sourceTree = "BUILT_PRODUCTS_DIR";
      };
      OBJ_18 = {
         isa = "PBXFileReference";
         path = "EmarcamTests.xctest";
         sourceTree = "BUILT_PRODUCTS_DIR";
      };
      OBJ_19 = {
         isa = "PBXNativeTarget";
         buildConfigurationList = OBJ_20;
         buildPhases = (
            OBJ_23,
            OBJ_25,
         );
         dependencies = (
         );
         name = "Emarcam";
         productName = "Emarcam";
         productReference = OBJ_17;
         productType = "com.apple.product-type.framework";
      };
      OBJ_2 = {
         isa = "XCConfigurationList";
         buildConfigurations = (
            OBJ_3,
            OBJ_4,
         );
         defaultConfigurationIsVisible = "0";
         defaultConfigurationName = "Debug";
      };
      OBJ_20 = {
         isa = "XCConfigurationList";
         buildConfigurations = (
            OBJ_21,
            OBJ_22,
         );
         defaultConfigurationIsVisible = "0";
         defaultConfigurationName = "Debug";
      };
      OBJ_21 = {
         isa = "XCBuildConfiguration";
         buildSettings = {
            ENABLE_TESTABILITY = "YES";
            FRAMEWORK_SEARCH_PATHS = (
               "$(inherited)",
               "$(PLATFORM_DIR)/Developer/Library/Frameworks",
            );
            HEADER_SEARCH_PATHS = (
               "$(inherited)",
            );
            INFOPLIST_FILE = "Emarcam.xcodeproj/Emarcam_Info.plist";
            LD_RUNPATH_SEARCH_PATHS = (
               "$(TOOLCHAIN_DIR)/usr/lib/swift/macosx",
            );
            OTHER_LDFLAGS = (
               "$(inherited)",
            );
            OTHER_SWIFT_FLAGS = (
               "$(inherited)",
            );
            PRODUCT_BUNDLE_IDENTIFIER = "Emarcam";
            PRODUCT_MODULE_NAME = "$(TARGET_NAME:c99extidentifier)";
            PRODUCT_NAME = "$(TARGET_NAME:c99extidentifier)";
            SKIP_INSTALL = "YES";
            TARGET_NAME = "Emarcam";
         };
         name = "Debug";
      };
      OBJ_22 = {
         isa = "XCBuildConfiguration";
         buildSettings = {
            ENABLE_TESTABILITY = "YES";
            FRAMEWORK_SEARCH_PATHS = (
               "$(inherited)",
               "$(PLATFORM_DIR)/Developer/Library/Frameworks",
            );
            HEADER_SEARCH_PATHS = (
               "$(inherited)",
            );
            INFOPLIST_FILE = "Emarcam.xcodeproj/Emarcam_Info.plist";
            LD_RUNPATH_SEARCH_PATHS = (
               "$(TOOLCHAIN_DIR)/usr/lib/swift/macosx",
            );
            OTHER_LDFLAGS = (
               "$(inherited)",
            );
            OTHER_SWIFT_FLAGS = (
               "$(inherited)",
            );
            PRODUCT_BUNDLE_IDENTIFIER = "Emarcam";
            PRODUCT_MODULE_NAME = "$(TARGET_NAME:c99extidentifier)";
            PRODUCT_NAME = "$(TARGET_NAME:c99extidentifier)";
            SKIP_INSTALL = "YES";
            TARGET_NAME = "Emarcam";
         };
         name = "Release";
      };
      OBJ_23 = {
         isa = "PBXSourcesBuildPhase";
         files = (
            OBJ_24,
         );
      };
      OBJ_24 = {
         isa = "PBXBuildFile";
         fileRef = OBJ_8;
      };
      OBJ_25 = {
         isa = "PBXFrameworksBuildPhase";
         files = (
         );
      };
      OBJ_26 = {
         isa = "PBXNativeTarget";
         buildConfigurationList = OBJ_27;
         buildPhases = (
            OBJ_30,
            OBJ_32,
         );
         dependencies = (
            OBJ_34,
         );
         name = "EmarcamTests";
         productName = "EmarcamTests";
         productReference = OBJ_18;
         productType = "com.apple.product-type.bundle.unit-test";
      };
      OBJ_27 = {
         isa = "XCConfigurationList";
         buildConfigurations = (
            OBJ_28,
            OBJ_29,
         );
         defaultConfigurationIsVisible = "0";
         defaultConfigurationName = "Debug";
      };
      OBJ_28 = {
         isa = "XCBuildConfiguration";
         buildSettings = {
            EMBEDDED_CONTENT_CONTAINS_SWIFT = "YES";
            FRAMEWORK_SEARCH_PATHS = (
               "$(inherited)",
               "$(PLATFORM_DIR)/Developer/Library/Frameworks",
            );
            HEADER_SEARCH_PATHS = (
               "$(inherited)",
            );
            INFOPLIST_FILE = "Emarcam.xcodeproj/EmarcamTests_Info.plist";
            LD_RUNPATH_SEARCH_PATHS = (
               "@loader_path/../Frameworks",
               "@loader_path/Frameworks",
            );
            OTHER_LDFLAGS = (
               "$(inherited)",
            );
            OTHER_SWIFT_FLAGS = (
               "$(inherited)",
            );
            TARGET_NAME = "EmarcamTests";
         };
         name = "Debug";
      };
      OBJ_29 = {
         isa = "XCBuildConfiguration";
         buildSettings = {
            EMBEDDED_CONTENT_CONTAINS_SWIFT = "YES";
            FRAMEWORK_SEARCH_PATHS = (
               "$(inherited)",
               "$(PLATFORM_DIR)/Developer/Library/Frameworks",
            );
            HEADER_SEARCH_PATHS = (
               "$(inherited)",
            );
            INFOPLIST_FILE = "Emarcam.xcodeproj/EmarcamTests_Info.plist";
            LD_RUNPATH_SEARCH_PATHS = (
               "@loader_path/../Frameworks",
               "@loader_path/Frameworks",
            );
            OTHER_LDFLAGS = (
               "$(inherited)",
            );
            OTHER_SWIFT_FLAGS = (
               "$(inherited)",
            );
            TARGET_NAME = "EmarcamTests";
         };
         name = "Release";
      };
      OBJ_3 = {
         isa = "XCBuildConfiguration";
         buildSettings = {
            CLANG_ENABLE_OBJC_ARC = "YES";
            COMBINE_HIDPI_IMAGES = "YES";
            COPY_PHASE_STRIP = "NO";
            DEBUG_INFORMATION_FORMAT = "dwarf";
            DYLIB_INSTALL_NAME_BASE = "@rpath";
            ENABLE_NS_ASSERTIONS = "YES";
            GCC_OPTIMIZATION_LEVEL = "0";
            MACOSX_DEPLOYMENT_TARGET = "10.10";
            ONLY_ACTIVE_ARCH = "YES";
            OTHER_SWIFT_FLAGS = (
               "-DXcode",
            );
            PRODUCT_NAME = "$(TARGET_NAME)";
            SDKROOT = "macosx";
            SUPPORTED_PLATFORMS = (
               "macosx",
               "iphoneos",
               "iphonesimulator",
               "appletvos",
               "appletvsimulator",
               "watchos",
               "watchsimulator",
            );
            SWIFT_ACTIVE_COMPILATION_CONDITIONS = "SWIFT_PACKAGE";
            SWIFT_OPTIMIZATION_LEVEL = "-Onone";
            SWIFT_VERSION = "3.0";
            USE_HEADERMAP = "NO";
         };
         name = "Debug";
      };
      OBJ_30 = {
         isa = "PBXSourcesBuildPhase";
         files = (
            OBJ_31,
         );
      };
      OBJ_31 = {
         isa = "PBXBuildFile";
         fileRef = OBJ_11;
      };
      OBJ_32 = {
         isa = "PBXFrameworksBuildPhase";
         files = (
            OBJ_33,
         );
      };
      OBJ_33 = {
         isa = "PBXBuildFile";
         fileRef = OBJ_17;
      };
      OBJ_34 = {
         isa = "PBXTargetDependency";
         target = OBJ_19;
      };
      OBJ_4 = {
         isa = "XCBuildConfiguration";
         buildSettings = {
            CLANG_ENABLE_OBJC_ARC = "YES";
            COMBINE_HIDPI_IMAGES = "YES";
            COPY_PHASE_STRIP = "YES";
            DEBUG_INFORMATION_FORMAT = "dwarf-with-dsym";
            DYLIB_INSTALL_NAME_BASE = "@rpath";
            GCC_OPTIMIZATION_LEVEL = "s";
            MACOSX_DEPLOYMENT_TARGET = "10.10";
            OTHER_SWIFT_FLAGS = (
               "-DXcode",
            );
            PRODUCT_NAME = "$(TARGET_NAME)";
            SDKROOT = "macosx";
            SUPPORTED_PLATFORMS = (
               "macosx",
               "iphoneos",
               "iphonesimulator",
               "appletvos",
               "appletvsimulator",
               "watchos",
               "watchsimulator",
            );
            SWIFT_ACTIVE_COMPILATION_CONDITIONS = "SWIFT_PACKAGE";
            SWIFT_OPTIMIZATION_LEVEL = "-Owholemodule";
            SWIFT_VERSION = "3.0";
            USE_HEADERMAP = "NO";
         };
         name = "Release";
      };
      OBJ_5 = {
         isa = "PBXGroup";
         children = (
            OBJ_6,
            OBJ_7,
            OBJ_9,
            OBJ_12,
            OBJ_13,
            OBJ_14,
            OBJ_15,
            OBJ_16,
         );
         path = "";
         sourceTree = "<group>";
      };
      OBJ_6 = {
         isa = "PBXFileReference";
         explicitFileType = "sourcecode.swift";
         path = "Package.swift";
         sourceTree = "<group>";
      };
      OBJ_7 = {
         isa = "PBXGroup";
         children = (
            OBJ_8,
         );
         name = "Sources";
         path = "Sources";
         sourceTree = "SOURCE_ROOT";
      };
      OBJ_8 = {
         isa = "PBXFileReference";
         path = "Emarcam.swift";
         sourceTree = "<group>";
      };
      OBJ_9 = {
         isa = "PBXGroup";
         children = (
            OBJ_10,
         );
         name = "Tests";
         path = "";
         sourceTree = "SOURCE_ROOT";
      };
   };
   rootObject = OBJ_1;
}
